# This file was autogenerated by uv via the following command:
#    uv pip compile --generate-hashes --python-version 3.10 --python-platform x86_64-manylinux_2_28 features-requirements.txt -o features-requirements.lock
async-timeout==5.0.1 \
    --hash=sha256:39e3809566ff85354557ec2398b55e096c8364bacac9405a7a1fa429e77fe76c \
    --hash=sha256:d9321a7a3d5a6a5e187e824d2fa0793ce379a202935782d555d6e9d2735677d3
    # via redis
redis==8.1.0 \
    --hash=sha256:6e1a19beef9225c83efd689c7e6b7da2d5215b1f42cd13b7fc3714d0a09c7b25 \
    --hash=sha256:a4fe1aac3d3b3cc791d4b3d5931c5a956045dc951ee74d1c913ee3ac4d2ee9fb
    # via -r features-requirements.txt
