# This file was autogenerated by uv via the following command:
#    uv pip compile --generate-hashes --python-version 3.10 --python-platform x86_64-manylinux_2_28 graph-requirements.txt -o graph-requirements.lock
neo4j==6.3.1 \
    --hash=sha256:a1b702d356f88885c27bdcf7dcd56af76423dbff4e26064e5bf5dbf47af53044 \
    --hash=sha256:e75530ca0691d69916c56acdb7401df4ee9e1d5084cfcfb3ede796db38667dcd
    # via -r graph-requirements.txt
pytz==2026.5 \
    --hash=sha256:e658af3757f9e26a9d25dd2aff38335acd92bc9104f890a894b2c1ba28311b03 \
    --hash=sha256:fa23724b9c486543b9ff54a327ee7569ac83ade54bb9afd0fc18676620401c86
    # via neo4j
